<?xml version="1.0" encoding="utf-8"?>
<Project ToolsVersion="4.0" xmlns="http://schemas.microsoft.com/developer/msbuild/2003">
  <ItemGroup>
    <Filter Include="소스 파일">
      <UniqueIdentifier>{4FC737F1-C7A5-4376-A066-2A32D752A2FF}</UniqueIdentifier>
      <Extensions>cpp;c;cc;cxx;def;odl;idl;hpj;bat;asm;asmx</Extensions>
    </Filter>
    <Filter Include="헤더 파일">
      <UniqueIdentifier>{93995380-89BD-4b04-88EB-625FBE52EBFB}</UniqueIdentifier>
      <Extensions>h;hh;hpp;hxx;hm;inl;inc;xsd</Extensions>
    </Filter>
    <Filter Include="리소스 파일">
      <UniqueIdentifier>{67DA6AB6-F800-4c08-8B7A-83BB121AAD01}</UniqueIdentifier>
      <Extensions>rc;ico;cur;bmp;dlg;rc2;rct;bin;rgs;gif;jpg;jpeg;jpe;resx;tiff;tif;png;wav;mfcribbon-ms</Extensions>
    </Filter>
    <Filter Include="data">
      <UniqueIdentifier>{f5d8e9b4-f3e8-4218-a46d-b1960a2386d5}</UniqueIdentifier>
    </Filter>
    <Filter Include="HLSL">
      <UniqueIdentifier>{a49dacff-5d68-4c2e-bb2b-934bd072f613}</UniqueIdentifier>
    </Filter>
  </ItemGroup>
  <ItemGroup>
    <ClInclude Include="stdafx.h">
      <Filter>헤더 파일</Filter>
    </ClInclude>
    <ClInclude Include="targetver.h">
      <Filter>헤더 파일</Filter>
    </ClInclude>
    <ClInclude Include="PositionClass.h">
      <Filter>헤더 파일</Filter>
    </ClInclude>
    <ClInclude Include="RenderTextureClass.h">
      <Filter>헤더 파일</Filter>
    </ClInclude>
    <ClInclude Include="ShadowShaderClass.h">
      <Filter>헤더 파일</Filter>
    </ClInclude>
    <ClInclude Include="SystemClass.h">
      <Filter>헤더 파일</Filter>
    </ClInclude>
    <ClInclude Include="TextureClass.h">
      <Filter>헤더 파일</Filter>
    </ClInclude>
    <ClInclude Include="TimerClass.h">
      <Filter>헤더 파일</Filter>
    </ClInclude>
    <ClInclude Include="AlignedAllocationPolicy.h">
      <Filter>헤더 파일</Filter>
    </ClInclude>
    <ClInclude Include="ApplicationClass.h">
      <Filter>헤더 파일</Filter>
    </ClInclude>
    <ClInclude Include="CameraClass.h">
      <Filter>헤더 파일</Filter>
    </ClInclude>
    <ClInclude Include="D3DClass.h">
      <Filter>헤더 파일</Filter>
    </ClInclude>
    <ClInclude Include="DDSTextureLoader.h">
      <Filter>헤더 파일</Filter>
    </ClInclude>
    <ClInclude Include="DepthShaderClass.h">
      <Filter>헤더 파일</Filter>
    </ClInclude>
    <ClInclude Include="DxDefine.h">
      <Filter>헤더 파일</Filter>
    </ClInclude>
    <ClInclude Include="InputClass.h">
      <Filter>헤더 파일</Filter>
    </ClInclude>
    <ClInclude Include="LightClass.h">
      <Filter>헤더 파일</Filter>
    </ClInclude>
    <ClInclude Include="ModelClass.h">
      <Filter>헤더 파일</Filter>
    </ClInclude>
    <ClInclude Include="transparentdepthshaderclass.h">
      <Filter>헤더 파일</Filter>
    </ClInclude>
    <ClInclude Include="treeclass.h">
      <Filter>헤더 파일</Filter>
    </ClInclude>
  </ItemGroup>
  <ItemGroup>
    <ClCompile Include="stdafx.cpp">
      <Filter>소스 파일</Filter>
    </ClCompile>
    <ClCompile Include="Dx11Demo_49.cpp">
      <Filter>소스 파일</Filter>
    </ClCompile>
    <ClCompile Include="PositionClass.cpp">
      <Filter>소스 파일</Filter>
    </ClCompile>
    <ClCompile Include="RenderTextureClass.cpp">
      <Filter>소스 파일</Filter>
    </ClCompile>
    <ClCompile Include="ShadowShaderClass.cpp">
      <Filter>소스 파일</Filter>
    </ClCompile>
    <ClCompile Include="SystemClass.cpp">
      <Filter>소스 파일</Filter>
    </ClCompile>
    <ClCompile Include="TextureClass.cpp">
      <Filter>소스 파일</Filter>
    </ClCompile>
    <ClCompile Include="TimerClass.cpp">
      <Filter>소스 파일</Filter>
    </ClCompile>
    <ClCompile Include="ApplicationClass.cpp">
      <Filter>소스 파일</Filter>
    </ClCompile>
    <ClCompile Include="CameraClass.cpp">
      <Filter>소스 파일</Filter>
    </ClCompile>
    <ClCompile Include="D3DClass.cpp">
      <Filter>소스 파일</Filter>
    </ClCompile>
    <ClCompile Include="DDSTextureLoader.cpp">
      <Filter>소스 파일</Filter>
    </ClCompile>
    <ClCompile Include="DepthShaderClass.cpp">
      <Filter>소스 파일</Filter>
    </ClCompile>
    <ClCompile Include="InputClass.cpp">
      <Filter>소스 파일</Filter>
    </ClCompile>
    <ClCompile Include="LightClass.cpp">
      <Filter>소스 파일</Filter>
    </ClCompile>
    <ClCompile Include="ModelClass.cpp">
      <Filter>소스 파일</Filter>
    </ClCompile>
    <ClCompile Include="transparentdepthshaderclass.cpp">
      <Filter>소스 파일</Filter>
    </ClCompile>
    <ClCompile Include="treeclass.cpp">
      <Filter>소스 파일</Filter>
    </ClCompile>
  </ItemGroup>
  <ItemGroup>
    <FxCompile Include="depth_ps.hlsl">
      <Filter>HLSL</Filter>
    </FxCompile>
    <FxCompile Include="depth_vs.hlsl">
      <Filter>HLSL</Filter>
    </FxCompile>
    <FxCompile Include="shadow_ps.hlsl">
      <Filter>HLSL</Filter>
    </FxCompile>
    <FxCompile Include="shadow_vs.hlsl">
      <Filter>HLSL</Filter>
    </FxCompile>
    <FxCompile Include="transparentdepth_ps.hlsl">
      <Filter>HLSL</Filter>
    </FxCompile>
    <FxCompile Include="transparentdepth_vs.hlsl">
      <Filter>HLSL</Filter>
    </FxCompile>
  </ItemGroup>
  <ItemGroup>
    <Image Include="data\dirt.dds">
      <Filter>data</Filter>
    </Image>
    <Image Include="data\trees\leaf001.dds">
      <Filter>data</Filter>
    </Image>
    <Image Include="data\trees\trunk001.dds">
      <Filter>data</Filter>
    </Image>
  </ItemGroup>
  <ItemGroup>
    <Text Include="data\plane01.txt">
      <Filter>data</Filter>
    </Text>
    <Text Include="data\trees\trunk001.txt">
      <Filter>data</Filter>
    </Text>
    <Text Include="data\trees\leaf001.txt">
      <Filter>data</Filter>
    </Text>
  </ItemGroup>
</Project>