<?xml version="1.0" encoding="utf-8"?>
<Project ToolsVersion="4.0" xmlns="http://schemas.microsoft.com/developer/msbuild/2003">
  <ItemGroup>
    <Filter Include="Engine">
      <UniqueIdentifier>{62b92454-c615-4142-a392-f428a230de81}</UniqueIdentifier>
    </Filter>
    <Filter Include="App">
      <UniqueIdentifier>{ebc456e5-4799-4326-bede-27702e8cfac3}</UniqueIdentifier>
    </Filter>
    <Filter Include="Engine\Shaders">
      <UniqueIdentifier>{710e05e5-2c7d-4148-b2a7-674eb333e60a}</UniqueIdentifier>
    </Filter>
    <Filter Include="ImGui">
      <UniqueIdentifier>{43cbfc13-4d98-4747-9b15-5aef49ec383f}</UniqueIdentifier>
    </Filter>
    <Filter Include="Engine\Window">
      <UniqueIdentifier>{cd8071f3-62e9-4823-bd08-21d475dbf9f8}</UniqueIdentifier>
    </Filter>
    <Filter Include="Math">
      <UniqueIdentifier>{27495f46-5686-4d73-9ed9-86b24f990e88}</UniqueIdentifier>
    </Filter>
    <Filter Include="Engine\Systems">
      <UniqueIdentifier>{227e7bb6-77bb-4336-9d92-f0a4ad76ed0b}</UniqueIdentifier>
    </Filter>
    <Filter Include="Engine\RenderAPI">
      <UniqueIdentifier>{b2592574-44f9-4e67-9964-70fa202bd5fc}</UniqueIdentifier>
    </Filter>
    <Filter Include="Engine\Resources">
      <UniqueIdentifier>{05261a6a-5e91-4433-8356-ec287ffb98ab}</UniqueIdentifier>
    </Filter>
    <Filter Include="Engine\ECS">
      <UniqueIdentifier>{2786f152-fedd-4015-88e7-d229850ed246}</UniqueIdentifier>
    </Filter>
    <Filter Include="Engine\Colliders">
      <UniqueIdentifier>{23f0691b-7b2a-472c-b152-c77308a4b2ac}</UniqueIdentifier>
    </Filter>
  </ItemGroup>
  <ItemGroup>
    <ClInclude Include="AppWindow.h">
      <Filter>App</Filter>
    </ClInclude>
    <ClInclude Include="Window.h">
      <Filter>Engine\Window</Filter>
    </ClInclude>
    <ClInclude Include="std.h" />
    <ClInclude Include="SwapChain.h">
      <Filter>Engine\RenderAPI</Filter>
    </ClInclude>
    <ClInclude Include="Direct3D.h">
      <Filter>Engine\RenderAPI</Filter>
    </ClInclude>
    <ClInclude Include="InputLayout.h">
      <Filter>Engine\RenderAPI</Filter>
    </ClInclude>
    <ClInclude Include="Resource.h">
      <Filter>Engine\Resources</Filter>
    </ClInclude>
    <ClInclude Include="Texture.h">
      <Filter>Engine\Resources</Filter>
    </ClInclude>
    <ClInclude Include="..\Include\ImGui\imconfig.h">
      <Filter>ImGui</Filter>
    </ClInclude>
    <ClInclude Include="..\Include\ImGui\imgui.h">
      <Filter>ImGui</Filter>
    </ClInclude>
    <ClInclude Include="..\Include\ImGui\imgui_impl_dx11.h">
      <Filter>ImGui</Filter>
    </ClInclude>
    <ClInclude Include="..\Include\ImGui\imgui_impl_win32.h">
      <Filter>ImGui</Filter>
    </ClInclude>
    <ClInclude Include="..\Include\ImGui\imgui_internal.h">
      <Filter>ImGui</Filter>
    </ClInclude>
    <ClInclude Include="..\Include\ImGui\imstb_rectpack.h">
      <Filter>ImGui</Filter>
    </ClInclude>
    <ClInclude Include="..\Include\ImGui\imstb_textedit.h">
      <Filter>ImGui</Filter>
    </ClInclude>
    <ClInclude Include="..\Include\ImGui\imstb_truetype.h">
      <Filter>ImGui</Filter>
    </ClInclude>
    <ClInclude Include="Vector2.h">
      <Filter>Math</Filter>
    </ClInclude>
    <ClInclude Include="Vector3.h">
      <Filter>Math</Filter>
    </ClInclude>
    <ClInclude Include="Vector4.h">
      <Filter>Math</Filter>
    </ClInclude>
    <ClInclude Include="Quaternion.h">
      <Filter>Math</Filter>
    </ClInclude>
    <ClInclude Include="Matrix4x4.h">
      <Filter>Math</Filter>
    </ClInclude>
    <ClInclude Include="CommonMath.h">
      <Filter>Math</Filter>
    </ClInclude>
    <ClInclude Include="Mesh.h">
      <Filter>Engine\Resources</Filter>
    </ClInclude>
    <ClInclude Include="Sphere.h">
      <Filter>Engine\Colliders</Filter>
    </ClInclude>
    <ClInclude Include="Plane.h">
      <Filter>Engine\Colliders</Filter>
    </ClInclude>
    <ClInclude Include="Frustum.h">
      <Filter>Engine\Colliders</Filter>
    </ClInclude>
    <ClInclude Include="Collider.h">
      <Filter>Engine\Colliders</Filter>
    </ClInclude>
    <ClInclude Include="CommonHeader.h" />
    <ClInclude Include="Box.h">
      <Filter>Engine\Colliders</Filter>
    </ClInclude>
    <ClInclude Include="Material.h">
      <Filter>Engine\Resources</Filter>
    </ClInclude>
    <ClInclude Include="TestBlockMacro.h" />
    <ClInclude Include="States.h">
      <Filter>Engine\RenderAPI</Filter>
    </ClInclude>
    <ClInclude Include="GeometryGenerator.h" />
    <ClInclude Include="Views.h">
      <Filter>Engine\RenderAPI</Filter>
    </ClInclude>
    <ClInclude Include="Shaders.h">
      <Filter>Engine\RenderAPI</Filter>
    </ClInclude>
    <ClInclude Include="Buffers.h">
      <Filter>Engine\RenderAPI</Filter>
    </ClInclude>
    <ClInclude Include="Components.h">
      <Filter>Engine\ECS</Filter>
    </ClInclude>
    <ClInclude Include="Archetype.h">
      <Filter>Engine\ECS</Filter>
    </ClInclude>
    <ClInclude Include="Entity.h">
      <Filter>Engine\ECS</Filter>
    </ClInclude>
    <ClInclude Include="Geometry.h">
      <Filter>Engine\Resources</Filter>
    </ClInclude>
    <ClInclude Include="Animation.h">
      <Filter>Engine\Resources</Filter>
    </ClInclude>
    <ClInclude Include="Assets.h">
      <Filter>Engine\Resources</Filter>
    </ClInclude>
    <ClInclude Include="InputSystem.h">
      <Filter>Engine\Systems</Filter>
    </ClInclude>
    <ClInclude Include="ImguiSystem.h">
      <Filter>Engine\Systems</Filter>
    </ClInclude>
    <ClInclude Include="RenderSystem.h">
      <Filter>Engine\Systems</Filter>
    </ClInclude>
    <ClInclude Include="ResourceSystem.h">
      <Filter>Engine\Systems</Filter>
    </ClInclude>
    <ClInclude Include="BehaviorSystem.h">
      <Filter>Engine\Systems</Filter>
    </ClInclude>
    <ClInclude Include="ECSSystem.h">
      <Filter>Engine\Systems</Filter>
    </ClInclude>
    <ClInclude Include="CollisionSystem.h">
      <Filter>Engine\Systems</Filter>
    </ClInclude>
    <ClInclude Include="CameraSystem.h">
      <Filter>Engine\Systems</Filter>
    </ClInclude>
    <ClInclude Include="BaseSystem.h">
      <Filter>Engine\Systems</Filter>
    </ClInclude>
    <ClInclude Include="TimerSystem.h">
      <Filter>Engine\Systems</Filter>
    </ClInclude>
    <ClInclude Include="AnimationSystem.h">
      <Filter>Engine\Systems</Filter>
    </ClInclude>
  </ItemGroup>
  <ItemGroup>
    <ClCompile Include="AppWindow.cpp">
      <Filter>App</Filter>
    </ClCompile>
    <ClCompile Include="Window.cpp">
      <Filter>Engine\Window</Filter>
    </ClCompile>
    <ClCompile Include="SwapChain.cpp">
      <Filter>Engine\RenderAPI</Filter>
    </ClCompile>
    <ClCompile Include="Direct3D.cpp">
      <Filter>Engine\RenderAPI</Filter>
    </ClCompile>
    <ClCompile Include="InputLayout.cpp">
      <Filter>Engine\RenderAPI</Filter>
    </ClCompile>
    <ClCompile Include="main.cpp">
      <Filter>App</Filter>
    </ClCompile>
    <ClCompile Include="..\Include\ImGui\imgui.cpp">
      <Filter>ImGui</Filter>
    </ClCompile>
    <ClCompile Include="..\Include\ImGui\imgui_demo.cpp">
      <Filter>ImGui</Filter>
    </ClCompile>
    <ClCompile Include="..\Include\ImGui\imgui_draw.cpp">
      <Filter>ImGui</Filter>
    </ClCompile>
    <ClCompile Include="..\Include\ImGui\imgui_impl_dx11.cpp">
      <Filter>ImGui</Filter>
    </ClCompile>
    <ClCompile Include="..\Include\ImGui\imgui_impl_win32.cpp">
      <Filter>ImGui</Filter>
    </ClCompile>
    <ClCompile Include="..\Include\ImGui\imgui_tables.cpp">
      <Filter>ImGui</Filter>
    </ClCompile>
    <ClCompile Include="..\Include\ImGui\imgui_widgets.cpp">
      <Filter>ImGui</Filter>
    </ClCompile>
    <ClCompile Include="States.cpp">
      <Filter>Engine\RenderAPI</Filter>
    </ClCompile>
    <ClCompile Include="Views.cpp">
      <Filter>Engine\RenderAPI</Filter>
    </ClCompile>
    <ClCompile Include="Shaders.cpp">
      <Filter>Engine\RenderAPI</Filter>
    </ClCompile>
    <ClCompile Include="Buffers.cpp">
      <Filter>Engine\RenderAPI</Filter>
    </ClCompile>
    <ClCompile Include="InputSystem.cpp">
      <Filter>Engine\Systems</Filter>
    </ClCompile>
    <ClCompile Include="ImguiSystem.cpp">
      <Filter>Engine\Systems</Filter>
    </ClCompile>
    <ClCompile Include="RenderSystem.cpp">
      <Filter>Engine\Systems</Filter>
    </ClCompile>
    <ClCompile Include="ResourceSystem.cpp">
      <Filter>Engine\Systems</Filter>
    </ClCompile>
    <ClCompile Include="BehaviorSystem.cpp">
      <Filter>Engine\Systems</Filter>
    </ClCompile>
    <ClCompile Include="ECSSystem.cpp">
      <Filter>Engine\Systems</Filter>
    </ClCompile>
    <ClCompile Include="CollisionSystem.cpp">
      <Filter>Engine\Systems</Filter>
    </ClCompile>
    <ClCompile Include="CameraSystem.cpp">
      <Filter>Engine\Systems</Filter>
    </ClCompile>
    <ClCompile Include="TimerSystem.cpp">
      <Filter>Engine\Systems</Filter>
    </ClCompile>
    <ClCompile Include="AnimationSystem.cpp">
      <Filter>Engine\Systems</Filter>
    </ClCompile>
  </ItemGroup>
  <ItemGroup>
    <FxCompile Include="VS_PCT.hlsl">
      <Filter>Engine\Shaders</Filter>
    </FxCompile>
    <FxCompile Include="PixelShader.hlsl">
      <Filter>Engine\Shaders</Filter>
    </FxCompile>
    <FxCompile Include="VS_PTN.hlsl">
      <Filter>Engine\Shaders</Filter>
    </FxCompile>
    <FxCompile Include="PS_PTN.hlsl">
      <Filter>Engine\Shaders</Filter>
    </FxCompile>
    <FxCompile Include="PS_.hlsl">
      <Filter>Engine\Shaders</Filter>
    </FxCompile>
    <FxCompile Include="PS_Lights.hlsli">
      <Filter>Engine\Shaders</Filter>
    </FxCompile>
    <FxCompile Include="PS_TextureFlow.hlsl">
      <Filter>Engine\Shaders</Filter>
    </FxCompile>
    <FxCompile Include="PS_RotatePointLight.hlsl">
      <Filter>Engine\Shaders</Filter>
    </FxCompile>
    <FxCompile Include="VS_PTNTB.hlsl">
      <Filter>Engine\Shaders</Filter>
    </FxCompile>
    <FxCompile Include="PS_PTNTB.hlsl">
      <Filter>Engine\Shaders</Filter>
    </FxCompile>
    <FxCompile Include="PS_DepthDebug.hlsl">
      <Filter>Engine\Shaders</Filter>
    </FxCompile>
    <FxCompile Include="VS_PC.hlsl">
      <Filter>Engine\Shaders</Filter>
    </FxCompile>
    <FxCompile Include="PS_PC.hlsl">
      <Filter>Engine\Shaders</Filter>
    </FxCompile>
    <FxCompile Include="PS_Distortion.hlsl">
      <Filter>Engine\Shaders</Filter>
    </FxCompile>
    <FxCompile Include="VS_PT.hlsl">
      <Filter>Engine\Shaders</Filter>
    </FxCompile>
    <FxCompile Include="PS_PT.hlsl">
      <Filter>Engine\Shaders</Filter>
    </FxCompile>
    <FxCompile Include="PS_PTN_Transparent.hlsl">
      <Filter>Engine\Shaders</Filter>
    </FxCompile>
    <FxCompile Include="GS_PTN.hlsl">
      <Filter>Engine\Shaders</Filter>
    </FxCompile>
    <FxCompile Include="PS_CubeMap.hlsl">
      <Filter>Engine\Shaders</Filter>
    </FxCompile>
    <FxCompile Include="VS_CubeMap.hlsl">
      <Filter>Engine\Shaders</Filter>
    </FxCompile>
    <FxCompile Include="GS_CubeMap.hlsl">
      <Filter>Engine\Shaders</Filter>
    </FxCompile>
    <FxCompile Include="VS_ShadowMap.hlsl">
      <Filter>Engine\Shaders</Filter>
    </FxCompile>
    <FxCompile Include="PS_ShadowMap.hlsl">
      <Filter>Engine\Shaders</Filter>
    </FxCompile>
    <FxCompile Include="VS_PTNTB_Skinned.hlsl">
      <Filter>Engine\Shaders</Filter>
    </FxCompile>
    <FxCompile Include="VS_PTN_Skinned.hlsl">
      <Filter>Engine\Shaders</Filter>
    </FxCompile>
    <FxCompile Include="VS_Debug.hlsl">
      <Filter>Engine\Shaders</Filter>
    </FxCompile>
    <FxCompile Include="GS_Debug_Box.hlsl">
      <Filter>Engine\Shaders</Filter>
    </FxCompile>
    <FxCompile Include="GS_Debug_Sphere.hlsl">
      <Filter>Engine\Shaders</Filter>
    </FxCompile>
  </ItemGroup>
  <ItemGroup>
    <Text Include="..\Include\ImGui\LICENSE.txt">
      <Filter>ImGui</Filter>
    </Text>
  </ItemGroup>
  <ItemGroup>
    <None Include="PS_Shadows.hlsli">
      <Filter>Engine\Shaders</Filter>
    </None>
  </ItemGroup>
</Project>