
Microsoft Visual Studio Solution File, Format Version 12.00
# Visual Studio Version 17
VisualStudioVersion = 17.9.34723.18
MinimumVisualStudioVersion = 10.0.40219.1
Project("{8BC9CEB8-8B4A-11D0-8D11-00A0C91BC942}") = "C_CPP", "C_CPP\C_CPP.vcxproj", "{0532206D-0B15-4EEE-A163-8DA54381B806}"
EndProject
Project("{2150E333-8FDC-42A3-9474-1A3956D46DE8}") = "RasterTek", "RasterTek", "{C8D5274F-AC00-46C7-1F8D-E88E81087A52}"
EndProject
Project("{8BC9CEB8-8B4A-11D0-8D11-00A0C91BC942}") = "RasterTek02", "RasterTek02\RasterTek02.vcxproj", "{BB52F7B6-03DE-4736-B2E5-E9F1E36CB520}"
EndProject
Project("{8BC9CEB8-8B4A-11D0-8D11-00A0C91BC942}") = "RasterTek03", "RasterTek03\RasterTek03.vcxproj", "{C28164DE-F7AF-4B83-AF50-C9E9E8C08617}"
EndProject
Project("{2150E333-8FDC-42A3-9474-1A3956D46DE8}") = "PardCode", "PardCode", "{1965B091-43AA-409C-B36B-99DA04944433}"
EndProject
Project("{8BC9CEB8-8B4A-11D0-8D11-00A0C91BC942}") = "PardCode01", "PardCode01\PardCode01.vcxproj", "{1225B71D-1A7F-444B-A8A2-74354356221C}"
EndProject
Project("{8BC9CEB8-8B4A-11D0-8D11-00A0C91BC942}") = "PardCode02", "PardCode02\PardCode02.vcxproj", "{F8B52C2C-0C4A-4476-A60A-3E567CFD6876}"
EndProject
Project("{8BC9CEB8-8B4A-11D0-8D11-00A0C91BC942}") = "PardCode03", "PardCode03\PardCode03.vcxproj", "{D76FCF58-AC73-417E-86A0-E36A1F120994}"
EndProject
Project("{8BC9CEB8-8B4A-11D0-8D11-00A0C91BC942}") = "PardCode04", "PardCode04\PardCode04.vcxproj", "{FD9B6735-8FBD-4EA2-80B7-6725973A4344}"
EndProject
Project("{8BC9CEB8-8B4A-11D0-8D11-00A0C91BC942}") = "PardCode05", "PardCode05\PardCode05.vcxproj", "{557EF77D-3858-4B1B-966F-B7F5D23F4407}"
EndProject
Project("{8BC9CEB8-8B4A-11D0-8D11-00A0C91BC942}") = "PardCode06", "PardCode06\PardCode06.vcxproj", "{73DA5178-40BF-42A7-90F9-BEBD3CF8BCBE}"
EndProject
Project("{8BC9CEB8-8B4A-11D0-8D11-00A0C91BC942}") = "PardCode07", "PardCode07\PardCode07.vcxproj", "{8BB6D9BC-55BD-46E3-912D-F89ACF1D2438}"
EndProject
Project("{8BC9CEB8-8B4A-11D0-8D11-00A0C91BC942}") = "PardCode08", "PardCode08\PardCode08.vcxproj", "{287C96E2-67D4-4E71-B54F-839AE63FC2AD}"
EndProject
Project("{8BC9CEB8-8B4A-11D0-8D11-00A0C91BC942}") = "RasterTek04", "RasterTek04\RasterTek04.vcxproj", "{54638913-CF56-4C6A-83B4-9B6AAEAEC3A8}"
EndProject
Project("{8BC9CEB8-8B4A-11D0-8D11-00A0C91BC942}") = "PardCode09", "PardCode09\PardCode09.vcxproj", "{5478C4FF-A3A0-405D-A687-8A63349E8A74}"
EndProject
Project("{8BC9CEB8-8B4A-11D0-8D11-00A0C91BC942}") = "PardCode10", "PardCode10\PardCode10.vcxproj", "{F83788E8-0C1B-4E95-9175-C1C35E202EAC}"
EndProject
Project("{8BC9CEB8-8B4A-11D0-8D11-00A0C91BC942}") = "PardCode11", "PardCode11\PardCode11.vcxproj", "{A12E5CF5-A02B-4BC8-B63E-51494C0C8B2D}"
EndProject
Project("{8BC9CEB8-8B4A-11D0-8D11-00A0C91BC942}") = "DP_Observer", "DP_Observer\DP_Observer.vcxproj", "{E2896FEF-6161-42DE-9DAC-6F2975A807CA}"
EndProject
Project("{2150E333-8FDC-42A3-9474-1A3956D46DE8}") = "DesignPattern", "DesignPattern", "{B14CB032-0F16-41DC-8F0B-84DAAD409457}"
EndProject
Project("{8BC9CEB8-8B4A-11D0-8D11-00A0C91BC942}") = "PardCode12", "PardCode12\PardCode12.vcxproj", "{CE73ECBD-9290-4941-A91D-0A977F48596D}"
EndProject
Project("{8BC9CEB8-8B4A-11D0-8D11-00A0C91BC942}") = "PardCode13", "PardCode13\PardCode13.vcxproj", "{88667278-4EB7-4E8C-A977-9678E8DC3C1B}"
EndProject
Project("{8BC9CEB8-8B4A-11D0-8D11-00A0C91BC942}") = "PardCode14", "PardCode14\PardCode14.vcxproj", "{2B7964E0-E8FD-4192-AF38-CF1D7695D424}"
EndProject
Project("{8BC9CEB8-8B4A-11D0-8D11-00A0C91BC942}") = "DP_CRTP", "DP_CRTP\DP_CRTP.vcxproj", "{09C6ABDC-9280-466B-957C-85D7824A2417}"
EndProject
Project("{8BC9CEB8-8B4A-11D0-8D11-00A0C91BC942}") = "PardCode17", "PardCode17\PardCode17.vcxproj", "{C82923EA-48B4-49C5-801C-61D6EACD01EC}"
EndProject
Project("{8BC9CEB8-8B4A-11D0-8D11-00A0C91BC942}") = "PardCode18", "PardCode18\PardCode18.vcxproj", "{E3095250-A6D6-4D1B-B12B-C6E342E317AF}"
EndProject
Project("{8BC9CEB8-8B4A-11D0-8D11-00A0C91BC942}") = "RasterTek05", "RasterTek05\RasterTek05.vcxproj", "{5883614F-81BA-4782-95C4-9D827B24BF96}"
EndProject
Project("{8BC9CEB8-8B4A-11D0-8D11-00A0C91BC942}") = "RasterTek06", "RasterTek06\RasterTek06.vcxproj", "{1ED05673-E1FA-45A3-8568-6953F2CC55F5}"
EndProject
Project("{8BC9CEB8-8B4A-11D0-8D11-00A0C91BC942}") = "RasterTek07", "RasterTek07\RasterTek07.vcxproj", "{4040BCD4-7C05-4301-9640-D33798F59683}"
EndProject
Project("{8BC9CEB8-8B4A-11D0-8D11-00A0C91BC942}") = "RasterTek08", "RasterTek08\RasterTek08.vcxproj", "{6C531EB1-4504-4641-BE3E-FB3E6E24C746}"
EndProject
Project("{8BC9CEB8-8B4A-11D0-8D11-00A0C91BC942}") = "PardCode19", "PardCode19\PardCode19.vcxproj", "{0AA1F163-5449-4D05-9E01-DB5DD1E5264D}"
EndProject
Project("{8BC9CEB8-8B4A-11D0-8D11-00A0C91BC942}") = "DP_ECS", "DP_ECS\DP_ECS.vcxproj", "{AE23E52D-1F6C-4803-9C7B-5623B0ABE68E}"
EndProject
Project("{8BC9CEB8-8B4A-11D0-8D11-00A0C91BC942}") = "LvalRval_UniversalRef", "LvalRval_UniversalRef\LvalRval_UniversalRef.vcxproj", "{8724CFCE-5926-405E-982C-14BE613CC71A}"
EndProject
Project("{8BC9CEB8-8B4A-11D0-8D11-00A0C91BC942}") = "RasterTek09", "RasterTek09\RasterTek09.vcxproj", "{F29D55EC-E06D-4175-89B0-8233F2A7812C}"
EndProject
Project("{8BC9CEB8-8B4A-11D0-8D11-00A0C91BC942}") = "RasterTek10", "RasterTek10\RasterTek10.vcxproj", "{0BEAAA35-EAAA-4977-89AB-082E7F80EF5B}"
EndProject
Project("{8BC9CEB8-8B4A-11D0-8D11-00A0C91BC942}") = "PardCode20", "PardCode20\PardCode20.vcxproj", "{56615925-B003-427C-AA6C-68FD2EA3A3FB}"
EndProject
Project("{8BC9CEB8-8B4A-11D0-8D11-00A0C91BC942}") = "RasterTek11", "RasterTek11\RasterTek11.vcxproj", "{7225DCEB-6954-486E-879B-274257ECC57C}"
EndProject
Project("{8BC9CEB8-8B4A-11D0-8D11-00A0C91BC942}") = "RasterTek12", "RasterTek12\RasterTek12.vcxproj", "{A08DCD82-32EA-4D98-94E7-E969E54FB413}"
EndProject
Project("{8BC9CEB8-8B4A-11D0-8D11-00A0C91BC942}") = "RasterTek13", "RasterTek13\RasterTek13.vcxproj", "{1BCB952F-A398-4DDB-8845-320846F05BCD}"
EndProject
Global
	GlobalSection(SolutionConfigurationPlatforms) = preSolution
		Debug|x64 = Debug|x64
		Debug|x86 = Debug|x86
		Release|x64 = Release|x64
		Release|x86 = Release|x86
	EndGlobalSection
	GlobalSection(ProjectConfigurationPlatforms) = postSolution
		{0532206D-0B15-4EEE-A163-8DA54381B806}.Debug|x64.ActiveCfg = Debug|x64
		{0532206D-0B15-4EEE-A163-8DA54381B806}.Debug|x64.Build.0 = Debug|x64
		{0532206D-0B15-4EEE-A163-8DA54381B806}.Debug|x86.ActiveCfg = Debug|Win32
		{0532206D-0B15-4EEE-A163-8DA54381B806}.Debug|x86.Build.0 = Debug|Win32
		{0532206D-0B15-4EEE-A163-8DA54381B806}.Release|x64.ActiveCfg = Release|x64
		{0532206D-0B15-4EEE-A163-8DA54381B806}.Release|x64.Build.0 = Release|x64
		{0532206D-0B15-4EEE-A163-8DA54381B806}.Release|x86.ActiveCfg = Release|Win32
		{0532206D-0B15-4EEE-A163-8DA54381B806}.Release|x86.Build.0 = Release|Win32
		{BB52F7B6-03DE-4736-B2E5-E9F1E36CB520}.Debug|x64.ActiveCfg = Debug|x64
		{BB52F7B6-03DE-4736-B2E5-E9F1E36CB520}.Debug|x64.Build.0 = Debug|x64
		{BB52F7B6-03DE-4736-B2E5-E9F1E36CB520}.Debug|x86.ActiveCfg = Debug|Win32
		{BB52F7B6-03DE-4736-B2E5-E9F1E36CB520}.Debug|x86.Build.0 = Debug|Win32
		{BB52F7B6-03DE-4736-B2E5-E9F1E36CB520}.Release|x64.ActiveCfg = Release|x64
		{BB52F7B6-03DE-4736-B2E5-E9F1E36CB520}.Release|x64.Build.0 = Release|x64
		{BB52F7B6-03DE-4736-B2E5-E9F1E36CB520}.Release|x86.ActiveCfg = Release|Win32
		{BB52F7B6-03DE-4736-B2E5-E9F1E36CB520}.Release|x86.Build.0 = Release|Win32
		{C28164DE-F7AF-4B83-AF50-C9E9E8C08617}.Debug|x64.ActiveCfg = Debug|x64
		{C28164DE-F7AF-4B83-AF50-C9E9E8C08617}.Debug|x64.Build.0 = Debug|x64
		{C28164DE-F7AF-4B83-AF50-C9E9E8C08617}.Debug|x86.ActiveCfg = Debug|Win32
		{C28164DE-F7AF-4B83-AF50-C9E9E8C08617}.Debug|x86.Build.0 = Debug|Win32
		{C28164DE-F7AF-4B83-AF50-C9E9E8C08617}.Release|x64.ActiveCfg = Release|x64
		{C28164DE-F7AF-4B83-AF50-C9E9E8C08617}.Release|x64.Build.0 = Release|x64
		{C28164DE-F7AF-4B83-AF50-C9E9E8C08617}.Release|x86.ActiveCfg = Release|Win32
		{C28164DE-F7AF-4B83-AF50-C9E9E8C08617}.Release|x86.Build.0 = Release|Win32
		{1225B71D-1A7F-444B-A8A2-74354356221C}.Debug|x64.ActiveCfg = Debug|x64
		{1225B71D-1A7F-444B-A8A2-74354356221C}.Debug|x64.Build.0 = Debug|x64
		{1225B71D-1A7F-444B-A8A2-74354356221C}.Debug|x86.ActiveCfg = Debug|Win32
		{1225B71D-1A7F-444B-A8A2-74354356221C}.Debug|x86.Build.0 = Debug|Win32
		{1225B71D-1A7F-444B-A8A2-74354356221C}.Release|x64.ActiveCfg = Release|x64
		{1225B71D-1A7F-444B-A8A2-74354356221C}.Release|x64.Build.0 = Release|x64
		{1225B71D-1A7F-444B-A8A2-74354356221C}.Release|x86.ActiveCfg = Release|Win32
		{1225B71D-1A7F-444B-A8A2-74354356221C}.Release|x86.Build.0 = Release|Win32
		{F8B52C2C-0C4A-4476-A60A-3E567CFD6876}.Debug|x64.ActiveCfg = Debug|x64
		{F8B52C2C-0C4A-4476-A60A-3E567CFD6876}.Debug|x64.Build.0 = Debug|x64
		{F8B52C2C-0C4A-4476-A60A-3E567CFD6876}.Debug|x86.ActiveCfg = Debug|Win32
		{F8B52C2C-0C4A-4476-A60A-3E567CFD6876}.Debug|x86.Build.0 = Debug|Win32
		{F8B52C2C-0C4A-4476-A60A-3E567CFD6876}.Release|x64.ActiveCfg = Release|x64
		{F8B52C2C-0C4A-4476-A60A-3E567CFD6876}.Release|x64.Build.0 = Release|x64
		{F8B52C2C-0C4A-4476-A60A-3E567CFD6876}.Release|x86.ActiveCfg = Release|Win32
		{F8B52C2C-0C4A-4476-A60A-3E567CFD6876}.Release|x86.Build.0 = Release|Win32
		{D76FCF58-AC73-417E-86A0-E36A1F120994}.Debug|x64.ActiveCfg = Debug|x64
		{D76FCF58-AC73-417E-86A0-E36A1F120994}.Debug|x64.Build.0 = Debug|x64
		{D76FCF58-AC73-417E-86A0-E36A1F120994}.Debug|x86.ActiveCfg = Debug|Win32
		{D76FCF58-AC73-417E-86A0-E36A1F120994}.Debug|x86.Build.0 = Debug|Win32
		{D76FCF58-AC73-417E-86A0-E36A1F120994}.Release|x64.ActiveCfg = Release|x64
		{D76FCF58-AC73-417E-86A0-E36A1F120994}.Release|x64.Build.0 = Release|x64
		{D76FCF58-AC73-417E-86A0-E36A1F120994}.Release|x86.ActiveCfg = Release|Win32
		{D76FCF58-AC73-417E-86A0-E36A1F120994}.Release|x86.Build.0 = Release|Win32
		{FD9B6735-8FBD-4EA2-80B7-6725973A4344}.Debug|x64.ActiveCfg = Debug|x64
		{FD9B6735-8FBD-4EA2-80B7-6725973A4344}.Debug|x64.Build.0 = Debug|x64
		{FD9B6735-8FBD-4EA2-80B7-6725973A4344}.Debug|x86.ActiveCfg = Debug|Win32
		{FD9B6735-8FBD-4EA2-80B7-6725973A4344}.Debug|x86.Build.0 = Debug|Win32
		{FD9B6735-8FBD-4EA2-80B7-6725973A4344}.Release|x64.ActiveCfg = Release|x64
		{FD9B6735-8FBD-4EA2-80B7-6725973A4344}.Release|x64.Build.0 = Release|x64
		{FD9B6735-8FBD-4EA2-80B7-6725973A4344}.Release|x86.ActiveCfg = Release|Win32
		{FD9B6735-8FBD-4EA2-80B7-6725973A4344}.Release|x86.Build.0 = Release|Win32
		{557EF77D-3858-4B1B-966F-B7F5D23F4407}.Debug|x64.ActiveCfg = Debug|x64
		{557EF77D-3858-4B1B-966F-B7F5D23F4407}.Debug|x64.Build.0 = Debug|x64
		{557EF77D-3858-4B1B-966F-B7F5D23F4407}.Debug|x86.ActiveCfg = Debug|Win32
		{557EF77D-3858-4B1B-966F-B7F5D23F4407}.Debug|x86.Build.0 = Debug|Win32
		{557EF77D-3858-4B1B-966F-B7F5D23F4407}.Release|x64.ActiveCfg = Release|x64
		{557EF77D-3858-4B1B-966F-B7F5D23F4407}.Release|x64.Build.0 = Release|x64
		{557EF77D-3858-4B1B-966F-B7F5D23F4407}.Release|x86.ActiveCfg = Release|Win32
		{557EF77D-3858-4B1B-966F-B7F5D23F4407}.Release|x86.Build.0 = Release|Win32
		{73DA5178-40BF-42A7-90F9-BEBD3CF8BCBE}.Debug|x64.ActiveCfg = Debug|x64
		{73DA5178-40BF-42A7-90F9-BEBD3CF8BCBE}.Debug|x64.Build.0 = Debug|x64
		{73DA5178-40BF-42A7-90F9-BEBD3CF8BCBE}.Debug|x86.ActiveCfg = Debug|Win32
		{73DA5178-40BF-42A7-90F9-BEBD3CF8BCBE}.Debug|x86.Build.0 = Debug|Win32
		{73DA5178-40BF-42A7-90F9-BEBD3CF8BCBE}.Release|x64.ActiveCfg = Release|x64
		{73DA5178-40BF-42A7-90F9-BEBD3CF8BCBE}.Release|x64.Build.0 = Release|x64
		{73DA5178-40BF-42A7-90F9-BEBD3CF8BCBE}.Release|x86.ActiveCfg = Release|Win32
		{73DA5178-40BF-42A7-90F9-BEBD3CF8BCBE}.Release|x86.Build.0 = Release|Win32
		{8BB6D9BC-55BD-46E3-912D-F89ACF1D2438}.Debug|x64.ActiveCfg = Debug|x64
		{8BB6D9BC-55BD-46E3-912D-F89ACF1D2438}.Debug|x64.Build.0 = Debug|x64
		{8BB6D9BC-55BD-46E3-912D-F89ACF1D2438}.Debug|x86.ActiveCfg = Debug|Win32
		{8BB6D9BC-55BD-46E3-912D-F89ACF1D2438}.Debug|x86.Build.0 = Debug|Win32
		{8BB6D9BC-55BD-46E3-912D-F89ACF1D2438}.Release|x64.ActiveCfg = Release|x64
		{8BB6D9BC-55BD-46E3-912D-F89ACF1D2438}.Release|x64.Build.0 = Release|x64
		{8BB6D9BC-55BD-46E3-912D-F89ACF1D2438}.Release|x86.ActiveCfg = Release|Win32
		{8BB6D9BC-55BD-46E3-912D-F89ACF1D2438}.Release|x86.Build.0 = Release|Win32
		{287C96E2-67D4-4E71-B54F-839AE63FC2AD}.Debug|x64.ActiveCfg = Debug|x64
		{287C96E2-67D4-4E71-B54F-839AE63FC2AD}.Debug|x64.Build.0 = Debug|x64
		{287C96E2-67D4-4E71-B54F-839AE63FC2AD}.Debug|x86.ActiveCfg = Debug|Win32
		{287C96E2-67D4-4E71-B54F-839AE63FC2AD}.Debug|x86.Build.0 = Debug|Win32
		{287C96E2-67D4-4E71-B54F-839AE63FC2AD}.Release|x64.ActiveCfg = Release|x64
		{287C96E2-67D4-4E71-B54F-839AE63FC2AD}.Release|x64.Build.0 = Release|x64
		{287C96E2-67D4-4E71-B54F-839AE63FC2AD}.Release|x86.ActiveCfg = Release|Win32
		{287C96E2-67D4-4E71-B54F-839AE63FC2AD}.Release|x86.Build.0 = Release|Win32
		{54638913-CF56-4C6A-83B4-9B6AAEAEC3A8}.Debug|x64.ActiveCfg = Debug|x64
		{54638913-CF56-4C6A-83B4-9B6AAEAEC3A8}.Debug|x64.Build.0 = Debug|x64
		{54638913-CF56-4C6A-83B4-9B6AAEAEC3A8}.Debug|x86.ActiveCfg = Debug|Win32
		{54638913-CF56-4C6A-83B4-9B6AAEAEC3A8}.Debug|x86.Build.0 = Debug|Win32
		{54638913-CF56-4C6A-83B4-9B6AAEAEC3A8}.Release|x64.ActiveCfg = Release|x64
		{54638913-CF56-4C6A-83B4-9B6AAEAEC3A8}.Release|x64.Build.0 = Release|x64
		{54638913-CF56-4C6A-83B4-9B6AAEAEC3A8}.Release|x86.ActiveCfg = Release|Win32
		{54638913-CF56-4C6A-83B4-9B6AAEAEC3A8}.Release|x86.Build.0 = Release|Win32
		{5478C4FF-A3A0-405D-A687-8A63349E8A74}.Debug|x64.ActiveCfg = Debug|x64
		{5478C4FF-A3A0-405D-A687-8A63349E8A74}.Debug|x64.Build.0 = Debug|x64
		{5478C4FF-A3A0-405D-A687-8A63349E8A74}.Debug|x86.ActiveCfg = Debug|Win32
		{5478C4FF-A3A0-405D-A687-8A63349E8A74}.Debug|x86.Build.0 = Debug|Win32
		{5478C4FF-A3A0-405D-A687-8A63349E8A74}.Release|x64.ActiveCfg = Release|x64
		{5478C4FF-A3A0-405D-A687-8A63349E8A74}.Release|x64.Build.0 = Release|x64
		{5478C4FF-A3A0-405D-A687-8A63349E8A74}.Release|x86.ActiveCfg = Release|Win32
		{5478C4FF-A3A0-405D-A687-8A63349E8A74}.Release|x86.Build.0 = Release|Win32
		{F83788E8-0C1B-4E95-9175-C1C35E202EAC}.Debug|x64.ActiveCfg = Debug|x64
		{F83788E8-0C1B-4E95-9175-C1C35E202EAC}.Debug|x64.Build.0 = Debug|x64
		{F83788E8-0C1B-4E95-9175-C1C35E202EAC}.Debug|x86.ActiveCfg = Debug|Win32
		{F83788E8-0C1B-4E95-9175-C1C35E202EAC}.Debug|x86.Build.0 = Debug|Win32
		{F83788E8-0C1B-4E95-9175-C1C35E202EAC}.Release|x64.ActiveCfg = Release|x64
		{F83788E8-0C1B-4E95-9175-C1C35E202EAC}.Release|x64.Build.0 = Release|x64
		{F83788E8-0C1B-4E95-9175-C1C35E202EAC}.Release|x86.ActiveCfg = Release|Win32
		{F83788E8-0C1B-4E95-9175-C1C35E202EAC}.Release|x86.Build.0 = Release|Win32
		{A12E5CF5-A02B-4BC8-B63E-51494C0C8B2D}.Debug|x64.ActiveCfg = Debug|x64
		{A12E5CF5-A02B-4BC8-B63E-51494C0C8B2D}.Debug|x64.Build.0 = Debug|x64
		{A12E5CF5-A02B-4BC8-B63E-51494C0C8B2D}.Debug|x86.ActiveCfg = Debug|Win32
		{A12E5CF5-A02B-4BC8-B63E-51494C0C8B2D}.Debug|x86.Build.0 = Debug|Win32
		{A12E5CF5-A02B-4BC8-B63E-51494C0C8B2D}.Release|x64.ActiveCfg = Release|x64
		{A12E5CF5-A02B-4BC8-B63E-51494C0C8B2D}.Release|x64.Build.0 = Release|x64
		{A12E5CF5-A02B-4BC8-B63E-51494C0C8B2D}.Release|x86.ActiveCfg = Release|Win32
		{A12E5CF5-A02B-4BC8-B63E-51494C0C8B2D}.Release|x86.Build.0 = Release|Win32
		{E2896FEF-6161-42DE-9DAC-6F2975A807CA}.Debug|x64.ActiveCfg = Debug|x64
		{E2896FEF-6161-42DE-9DAC-6F2975A807CA}.Debug|x64.Build.0 = Debug|x64
		{E2896FEF-6161-42DE-9DAC-6F2975A807CA}.Debug|x86.ActiveCfg = Debug|Win32
		{E2896FEF-6161-42DE-9DAC-6F2975A807CA}.Debug|x86.Build.0 = Debug|Win32
		{E2896FEF-6161-42DE-9DAC-6F2975A807CA}.Release|x64.ActiveCfg = Release|x64
		{E2896FEF-6161-42DE-9DAC-6F2975A807CA}.Release|x64.Build.0 = Release|x64
		{E2896FEF-6161-42DE-9DAC-6F2975A807CA}.Release|x86.ActiveCfg = Release|Win32
		{E2896FEF-6161-42DE-9DAC-6F2975A807CA}.Release|x86.Build.0 = Release|Win32
		{CE73ECBD-9290-4941-A91D-0A977F48596D}.Debug|x64.ActiveCfg = Debug|x64
		{CE73ECBD-9290-4941-A91D-0A977F48596D}.Debug|x64.Build.0 = Debug|x64
		{CE73ECBD-9290-4941-A91D-0A977F48596D}.Debug|x86.ActiveCfg = Debug|Win32
		{CE73ECBD-9290-4941-A91D-0A977F48596D}.Debug|x86.Build.0 = Debug|Win32
		{CE73ECBD-9290-4941-A91D-0A977F48596D}.Release|x64.ActiveCfg = Release|x64
		{CE73ECBD-9290-4941-A91D-0A977F48596D}.Release|x64.Build.0 = Release|x64
		{CE73ECBD-9290-4941-A91D-0A977F48596D}.Release|x86.ActiveCfg = Release|Win32
		{CE73ECBD-9290-4941-A91D-0A977F48596D}.Release|x86.Build.0 = Release|Win32
		{88667278-4EB7-4E8C-A977-9678E8DC3C1B}.Debug|x64.ActiveCfg = Debug|x64
		{88667278-4EB7-4E8C-A977-9678E8DC3C1B}.Debug|x64.Build.0 = Debug|x64
		{88667278-4EB7-4E8C-A977-9678E8DC3C1B}.Debug|x86.ActiveCfg = Debug|Win32
		{88667278-4EB7-4E8C-A977-9678E8DC3C1B}.Debug|x86.Build.0 = Debug|Win32
		{88667278-4EB7-4E8C-A977-9678E8DC3C1B}.Release|x64.ActiveCfg = Release|x64
		{88667278-4EB7-4E8C-A977-9678E8DC3C1B}.Release|x64.Build.0 = Release|x64
		{88667278-4EB7-4E8C-A977-9678E8DC3C1B}.Release|x86.ActiveCfg = Release|Win32
		{88667278-4EB7-4E8C-A977-9678E8DC3C1B}.Release|x86.Build.0 = Release|Win32
		{2B7964E0-E8FD-4192-AF38-CF1D7695D424}.Debug|x64.ActiveCfg = Debug|x64
		{2B7964E0-E8FD-4192-AF38-CF1D7695D424}.Debug|x64.Build.0 = Debug|x64
		{2B7964E0-E8FD-4192-AF38-CF1D7695D424}.Debug|x86.ActiveCfg = Debug|Win32
		{2B7964E0-E8FD-4192-AF38-CF1D7695D424}.Debug|x86.Build.0 = Debug|Win32
		{2B7964E0-E8FD-4192-AF38-CF1D7695D424}.Release|x64.ActiveCfg = Release|x64
		{2B7964E0-E8FD-4192-AF38-CF1D7695D424}.Release|x64.Build.0 = Release|x64
		{2B7964E0-E8FD-4192-AF38-CF1D7695D424}.Release|x86.ActiveCfg = Release|Win32
		{2B7964E0-E8FD-4192-AF38-CF1D7695D424}.Release|x86.Build.0 = Release|Win32
		{09C6ABDC-9280-466B-957C-85D7824A2417}.Debug|x64.ActiveCfg = Debug|x64
		{09C6ABDC-9280-466B-957C-85D7824A2417}.Debug|x64.Build.0 = Debug|x64
		{09C6ABDC-9280-466B-957C-85D7824A2417}.Debug|x86.ActiveCfg = Debug|Win32
		{09C6ABDC-9280-466B-957C-85D7824A2417}.Debug|x86.Build.0 = Debug|Win32
		{09C6ABDC-9280-466B-957C-85D7824A2417}.Release|x64.ActiveCfg = Release|x64
		{09C6ABDC-9280-466B-957C-85D7824A2417}.Release|x64.Build.0 = Release|x64
		{09C6ABDC-9280-466B-957C-85D7824A2417}.Release|x86.ActiveCfg = Release|Win32
		{09C6ABDC-9280-466B-957C-85D7824A2417}.Release|x86.Build.0 = Release|Win32
		{C82923EA-48B4-49C5-801C-61D6EACD01EC}.Debug|x64.ActiveCfg = Debug|x64
		{C82923EA-48B4-49C5-801C-61D6EACD01EC}.Debug|x64.Build.0 = Debug|x64
		{C82923EA-48B4-49C5-801C-61D6EACD01EC}.Debug|x86.ActiveCfg = Debug|Win32
		{C82923EA-48B4-49C5-801C-61D6EACD01EC}.Debug|x86.Build.0 = Debug|Win32
		{C82923EA-48B4-49C5-801C-61D6EACD01EC}.Release|x64.ActiveCfg = Release|x64
		{C82923EA-48B4-49C5-801C-61D6EACD01EC}.Release|x64.Build.0 = Release|x64
		{C82923EA-48B4-49C5-801C-61D6EACD01EC}.Release|x86.ActiveCfg = Release|Win32
		{C82923EA-48B4-49C5-801C-61D6EACD01EC}.Release|x86.Build.0 = Release|Win32
		{E3095250-A6D6-4D1B-B12B-C6E342E317AF}.Debug|x64.ActiveCfg = Debug|x64
		{E3095250-A6D6-4D1B-B12B-C6E342E317AF}.Debug|x64.Build.0 = Debug|x64
		{E3095250-A6D6-4D1B-B12B-C6E342E317AF}.Debug|x86.ActiveCfg = Debug|Win32
		{E3095250-A6D6-4D1B-B12B-C6E342E317AF}.Debug|x86.Build.0 = Debug|Win32
		{E3095250-A6D6-4D1B-B12B-C6E342E317AF}.Release|x64.ActiveCfg = Release|x64
		{E3095250-A6D6-4D1B-B12B-C6E342E317AF}.Release|x64.Build.0 = Release|x64
		{E3095250-A6D6-4D1B-B12B-C6E342E317AF}.Release|x86.ActiveCfg = Release|Win32
		{E3095250-A6D6-4D1B-B12B-C6E342E317AF}.Release|x86.Build.0 = Release|Win32
		{5883614F-81BA-4782-95C4-9D827B24BF96}.Debug|x64.ActiveCfg = Debug|x64
		{5883614F-81BA-4782-95C4-9D827B24BF96}.Debug|x64.Build.0 = Debug|x64
		{5883614F-81BA-4782-95C4-9D827B24BF96}.Debug|x86.ActiveCfg = Debug|Win32
		{5883614F-81BA-4782-95C4-9D827B24BF96}.Debug|x86.Build.0 = Debug|Win32
		{5883614F-81BA-4782-95C4-9D827B24BF96}.Release|x64.ActiveCfg = Release|x64
		{5883614F-81BA-4782-95C4-9D827B24BF96}.Release|x64.Build.0 = Release|x64
		{5883614F-81BA-4782-95C4-9D827B24BF96}.Release|x86.ActiveCfg = Release|Win32
		{5883614F-81BA-4782-95C4-9D827B24BF96}.Release|x86.Build.0 = Release|Win32
		{1ED05673-E1FA-45A3-8568-6953F2CC55F5}.Debug|x64.ActiveCfg = Debug|x64
		{1ED05673-E1FA-45A3-8568-6953F2CC55F5}.Debug|x64.Build.0 = Debug|x64
		{1ED05673-E1FA-45A3-8568-6953F2CC55F5}.Debug|x86.ActiveCfg = Debug|Win32
		{1ED05673-E1FA-45A3-8568-6953F2CC55F5}.Debug|x86.Build.0 = Debug|Win32
		{1ED05673-E1FA-45A3-8568-6953F2CC55F5}.Release|x64.ActiveCfg = Release|x64
		{1ED05673-E1FA-45A3-8568-6953F2CC55F5}.Release|x64.Build.0 = Release|x64
		{1ED05673-E1FA-45A3-8568-6953F2CC55F5}.Release|x86.ActiveCfg = Release|Win32
		{1ED05673-E1FA-45A3-8568-6953F2CC55F5}.Release|x86.Build.0 = Release|Win32
		{4040BCD4-7C05-4301-9640-D33798F59683}.Debug|x64.ActiveCfg = Debug|x64
		{4040BCD4-7C05-4301-9640-D33798F59683}.Debug|x64.Build.0 = Debug|x64
		{4040BCD4-7C05-4301-9640-D33798F59683}.Debug|x86.ActiveCfg = Debug|Win32
		{4040BCD4-7C05-4301-9640-D33798F59683}.Debug|x86.Build.0 = Debug|Win32
		{4040BCD4-7C05-4301-9640-D33798F59683}.Release|x64.ActiveCfg = Release|x64
		{4040BCD4-7C05-4301-9640-D33798F59683}.Release|x64.Build.0 = Release|x64
		{4040BCD4-7C05-4301-9640-D33798F59683}.Release|x86.ActiveCfg = Release|Win32
		{4040BCD4-7C05-4301-9640-D33798F59683}.Release|x86.Build.0 = Release|Win32
		{6C531EB1-4504-4641-BE3E-FB3E6E24C746}.Debug|x64.ActiveCfg = Debug|x64
		{6C531EB1-4504-4641-BE3E-FB3E6E24C746}.Debug|x64.Build.0 = Debug|x64
		{6C531EB1-4504-4641-BE3E-FB3E6E24C746}.Debug|x86.ActiveCfg = Debug|Win32
		{6C531EB1-4504-4641-BE3E-FB3E6E24C746}.Debug|x86.Build.0 = Debug|Win32
		{6C531EB1-4504-4641-BE3E-FB3E6E24C746}.Release|x64.ActiveCfg = Release|x64
		{6C531EB1-4504-4641-BE3E-FB3E6E24C746}.Release|x64.Build.0 = Release|x64
		{6C531EB1-4504-4641-BE3E-FB3E6E24C746}.Release|x86.ActiveCfg = Release|Win32
		{6C531EB1-4504-4641-BE3E-FB3E6E24C746}.Release|x86.Build.0 = Release|Win32
		{0AA1F163-5449-4D05-9E01-DB5DD1E5264D}.Debug|x64.ActiveCfg = Debug|x64
		{0AA1F163-5449-4D05-9E01-DB5DD1E5264D}.Debug|x64.Build.0 = Debug|x64
		{0AA1F163-5449-4D05-9E01-DB5DD1E5264D}.Debug|x86.ActiveCfg = Debug|Win32
		{0AA1F163-5449-4D05-9E01-DB5DD1E5264D}.Debug|x86.Build.0 = Debug|Win32
		{0AA1F163-5449-4D05-9E01-DB5DD1E5264D}.Release|x64.ActiveCfg = Release|x64
		{0AA1F163-5449-4D05-9E01-DB5DD1E5264D}.Release|x64.Build.0 = Release|x64
		{0AA1F163-5449-4D05-9E01-DB5DD1E5264D}.Release|x86.ActiveCfg = Release|Win32
		{0AA1F163-5449-4D05-9E01-DB5DD1E5264D}.Release|x86.Build.0 = Release|Win32
		{AE23E52D-1F6C-4803-9C7B-5623B0ABE68E}.Debug|x64.ActiveCfg = Debug|x64
		{AE23E52D-1F6C-4803-9C7B-5623B0ABE68E}.Debug|x64.Build.0 = Debug|x64
		{AE23E52D-1F6C-4803-9C7B-5623B0ABE68E}.Debug|x86.ActiveCfg = Debug|Win32
		{AE23E52D-1F6C-4803-9C7B-5623B0ABE68E}.Debug|x86.Build.0 = Debug|Win32
		{AE23E52D-1F6C-4803-9C7B-5623B0ABE68E}.Release|x64.ActiveCfg = Release|x64
		{AE23E52D-1F6C-4803-9C7B-5623B0ABE68E}.Release|x64.Build.0 = Release|x64
		{AE23E52D-1F6C-4803-9C7B-5623B0ABE68E}.Release|x86.ActiveCfg = Release|Win32
		{AE23E52D-1F6C-4803-9C7B-5623B0ABE68E}.Release|x86.Build.0 = Release|Win32
		{8724CFCE-5926-405E-982C-14BE613CC71A}.Debug|x64.ActiveCfg = Debug|x64
		{8724CFCE-5926-405E-982C-14BE613CC71A}.Debug|x64.Build.0 = Debug|x64
		{8724CFCE-5926-405E-982C-14BE613CC71A}.Debug|x86.ActiveCfg = Debug|Win32
		{8724CFCE-5926-405E-982C-14BE613CC71A}.Debug|x86.Build.0 = Debug|Win32
		{8724CFCE-5926-405E-982C-14BE613CC71A}.Release|x64.ActiveCfg = Release|x64
		{8724CFCE-5926-405E-982C-14BE613CC71A}.Release|x64.Build.0 = Release|x64
		{8724CFCE-5926-405E-982C-14BE613CC71A}.Release|x86.ActiveCfg = Release|Win32
		{8724CFCE-5926-405E-982C-14BE613CC71A}.Release|x86.Build.0 = Release|Win32
		{F29D55EC-E06D-4175-89B0-8233F2A7812C}.Debug|x64.ActiveCfg = Debug|x64
		{F29D55EC-E06D-4175-89B0-8233F2A7812C}.Debug|x64.Build.0 = Debug|x64
		{F29D55EC-E06D-4175-89B0-8233F2A7812C}.Debug|x86.ActiveCfg = Debug|Win32
		{F29D55EC-E06D-4175-89B0-8233F2A7812C}.Debug|x86.Build.0 = Debug|Win32
		{F29D55EC-E06D-4175-89B0-8233F2A7812C}.Release|x64.ActiveCfg = Release|x64
		{F29D55EC-E06D-4175-89B0-8233F2A7812C}.Release|x64.Build.0 = Release|x64
		{F29D55EC-E06D-4175-89B0-8233F2A7812C}.Release|x86.ActiveCfg = Release|Win32
		{F29D55EC-E06D-4175-89B0-8233F2A7812C}.Release|x86.Build.0 = Release|Win32
		{0BEAAA35-EAAA-4977-89AB-082E7F80EF5B}.Debug|x64.ActiveCfg = Debug|x64
		{0BEAAA35-EAAA-4977-89AB-082E7F80EF5B}.Debug|x64.Build.0 = Debug|x64
		{0BEAAA35-EAAA-4977-89AB-082E7F80EF5B}.Debug|x86.ActiveCfg = Debug|Win32
		{0BEAAA35-EAAA-4977-89AB-082E7F80EF5B}.Debug|x86.Build.0 = Debug|Win32
		{0BEAAA35-EAAA-4977-89AB-082E7F80EF5B}.Release|x64.ActiveCfg = Release|x64
		{0BEAAA35-EAAA-4977-89AB-082E7F80EF5B}.Release|x64.Build.0 = Release|x64
		{0BEAAA35-EAAA-4977-89AB-082E7F80EF5B}.Release|x86.ActiveCfg = Release|Win32
		{0BEAAA35-EAAA-4977-89AB-082E7F80EF5B}.Release|x86.Build.0 = Release|Win32
		{56615925-B003-427C-AA6C-68FD2EA3A3FB}.Debug|x64.ActiveCfg = Debug|x64
		{56615925-B003-427C-AA6C-68FD2EA3A3FB}.Debug|x64.Build.0 = Debug|x64
		{56615925-B003-427C-AA6C-68FD2EA3A3FB}.Debug|x86.ActiveCfg = Debug|Win32
		{56615925-B003-427C-AA6C-68FD2EA3A3FB}.Debug|x86.Build.0 = Debug|Win32
		{56615925-B003-427C-AA6C-68FD2EA3A3FB}.Release|x64.ActiveCfg = Release|x64
		{56615925-B003-427C-AA6C-68FD2EA3A3FB}.Release|x64.Build.0 = Release|x64
		{56615925-B003-427C-AA6C-68FD2EA3A3FB}.Release|x86.ActiveCfg = Release|Win32
		{56615925-B003-427C-AA6C-68FD2EA3A3FB}.Release|x86.Build.0 = Release|Win32
		{7225DCEB-6954-486E-879B-274257ECC57C}.Debug|x64.ActiveCfg = Debug|x64
		{7225DCEB-6954-486E-879B-274257ECC57C}.Debug|x64.Build.0 = Debug|x64
		{7225DCEB-6954-486E-879B-274257ECC57C}.Debug|x86.ActiveCfg = Debug|Win32
		{7225DCEB-6954-486E-879B-274257ECC57C}.Debug|x86.Build.0 = Debug|Win32
		{7225DCEB-6954-486E-879B-274257ECC57C}.Release|x64.ActiveCfg = Release|x64
		{7225DCEB-6954-486E-879B-274257ECC57C}.Release|x64.Build.0 = Release|x64
		{7225DCEB-6954-486E-879B-274257ECC57C}.Release|x86.ActiveCfg = Release|Win32
		{7225DCEB-6954-486E-879B-274257ECC57C}.Release|x86.Build.0 = Release|Win32
		{A08DCD82-32EA-4D98-94E7-E969E54FB413}.Debug|x64.ActiveCfg = Debug|x64
		{A08DCD82-32EA-4D98-94E7-E969E54FB413}.Debug|x64.Build.0 = Debug|x64
		{A08DCD82-32EA-4D98-94E7-E969E54FB413}.Debug|x86.ActiveCfg = Debug|Win32
		{A08DCD82-32EA-4D98-94E7-E969E54FB413}.Debug|x86.Build.0 = Debug|Win32
		{A08DCD82-32EA-4D98-94E7-E969E54FB413}.Release|x64.ActiveCfg = Release|x64
		{A08DCD82-32EA-4D98-94E7-E969E54FB413}.Release|x64.Build.0 = Release|x64
		{A08DCD82-32EA-4D98-94E7-E969E54FB413}.Release|x86.ActiveCfg = Release|Win32
		{A08DCD82-32EA-4D98-94E7-E969E54FB413}.Release|x86.Build.0 = Release|Win32
		{1BCB952F-A398-4DDB-8845-320846F05BCD}.Debug|x64.ActiveCfg = Debug|x64
		{1BCB952F-A398-4DDB-8845-320846F05BCD}.Debug|x64.Build.0 = Debug|x64
		{1BCB952F-A398-4DDB-8845-320846F05BCD}.Debug|x86.ActiveCfg = Debug|Win32
		{1BCB952F-A398-4DDB-8845-320846F05BCD}.Debug|x86.Build.0 = Debug|Win32
		{1BCB952F-A398-4DDB-8845-320846F05BCD}.Release|x64.ActiveCfg = Release|x64
		{1BCB952F-A398-4DDB-8845-320846F05BCD}.Release|x64.Build.0 = Release|x64
		{1BCB952F-A398-4DDB-8845-320846F05BCD}.Release|x86.ActiveCfg = Release|Win32
		{1BCB952F-A398-4DDB-8845-320846F05BCD}.Release|x86.Build.0 = Release|Win32
	EndGlobalSection
	GlobalSection(SolutionProperties) = preSolution
		HideSolutionNode = FALSE
	EndGlobalSection
	GlobalSection(NestedProjects) = preSolution
		{BB52F7B6-03DE-4736-B2E5-E9F1E36CB520} = {C8D5274F-AC00-46C7-1F8D-E88E81087A52}
		{C28164DE-F7AF-4B83-AF50-C9E9E8C08617} = {C8D5274F-AC00-46C7-1F8D-E88E81087A52}
		{1225B71D-1A7F-444B-A8A2-74354356221C} = {1965B091-43AA-409C-B36B-99DA04944433}
		{F8B52C2C-0C4A-4476-A60A-3E567CFD6876} = {1965B091-43AA-409C-B36B-99DA04944433}
		{D76FCF58-AC73-417E-86A0-E36A1F120994} = {1965B091-43AA-409C-B36B-99DA04944433}
		{FD9B6735-8FBD-4EA2-80B7-6725973A4344} = {1965B091-43AA-409C-B36B-99DA04944433}
		{557EF77D-3858-4B1B-966F-B7F5D23F4407} = {1965B091-43AA-409C-B36B-99DA04944433}
		{73DA5178-40BF-42A7-90F9-BEBD3CF8BCBE} = {1965B091-43AA-409C-B36B-99DA04944433}
		{8BB6D9BC-55BD-46E3-912D-F89ACF1D2438} = {1965B091-43AA-409C-B36B-99DA04944433}
		{287C96E2-67D4-4E71-B54F-839AE63FC2AD} = {1965B091-43AA-409C-B36B-99DA04944433}
		{54638913-CF56-4C6A-83B4-9B6AAEAEC3A8} = {C8D5274F-AC00-46C7-1F8D-E88E81087A52}
		{5478C4FF-A3A0-405D-A687-8A63349E8A74} = {1965B091-43AA-409C-B36B-99DA04944433}
		{F83788E8-0C1B-4E95-9175-C1C35E202EAC} = {1965B091-43AA-409C-B36B-99DA04944433}
		{A12E5CF5-A02B-4BC8-B63E-51494C0C8B2D} = {1965B091-43AA-409C-B36B-99DA04944433}
		{E2896FEF-6161-42DE-9DAC-6F2975A807CA} = {B14CB032-0F16-41DC-8F0B-84DAAD409457}
		{CE73ECBD-9290-4941-A91D-0A977F48596D} = {1965B091-43AA-409C-B36B-99DA04944433}
		{88667278-4EB7-4E8C-A977-9678E8DC3C1B} = {1965B091-43AA-409C-B36B-99DA04944433}
		{2B7964E0-E8FD-4192-AF38-CF1D7695D424} = {1965B091-43AA-409C-B36B-99DA04944433}
		{09C6ABDC-9280-466B-957C-85D7824A2417} = {B14CB032-0F16-41DC-8F0B-84DAAD409457}
		{C82923EA-48B4-49C5-801C-61D6EACD01EC} = {1965B091-43AA-409C-B36B-99DA04944433}
		{E3095250-A6D6-4D1B-B12B-C6E342E317AF} = {1965B091-43AA-409C-B36B-99DA04944433}
		{5883614F-81BA-4782-95C4-9D827B24BF96} = {C8D5274F-AC00-46C7-1F8D-E88E81087A52}
		{1ED05673-E1FA-45A3-8568-6953F2CC55F5} = {C8D5274F-AC00-46C7-1F8D-E88E81087A52}
		{4040BCD4-7C05-4301-9640-D33798F59683} = {C8D5274F-AC00-46C7-1F8D-E88E81087A52}
		{6C531EB1-4504-4641-BE3E-FB3E6E24C746} = {C8D5274F-AC00-46C7-1F8D-E88E81087A52}
		{0AA1F163-5449-4D05-9E01-DB5DD1E5264D} = {1965B091-43AA-409C-B36B-99DA04944433}
		{AE23E52D-1F6C-4803-9C7B-5623B0ABE68E} = {B14CB032-0F16-41DC-8F0B-84DAAD409457}
		{8724CFCE-5926-405E-982C-14BE613CC71A} = {B14CB032-0F16-41DC-8F0B-84DAAD409457}
		{F29D55EC-E06D-4175-89B0-8233F2A7812C} = {C8D5274F-AC00-46C7-1F8D-E88E81087A52}
		{0BEAAA35-EAAA-4977-89AB-082E7F80EF5B} = {C8D5274F-AC00-46C7-1F8D-E88E81087A52}
		{56615925-B003-427C-AA6C-68FD2EA3A3FB} = {1965B091-43AA-409C-B36B-99DA04944433}
		{7225DCEB-6954-486E-879B-274257ECC57C} = {C8D5274F-AC00-46C7-1F8D-E88E81087A52}
		{A08DCD82-32EA-4D98-94E7-E969E54FB413} = {C8D5274F-AC00-46C7-1F8D-E88E81087A52}
		{1BCB952F-A398-4DDB-8845-320846F05BCD} = {C8D5274F-AC00-46C7-1F8D-E88E81087A52}
	EndGlobalSection
	GlobalSection(ExtensibilityGlobals) = postSolution
		SolutionGuid = {4E4EFD9A-E346-48C5-9A64-445AA2A38A54}
	EndGlobalSection
EndGlobal
